
Microsoft Visual Studio Solution File, Format Version 12.00
# Visual Studio Version 17
VisualStudioVersion = 17.7.34009.444
MinimumVisualStudioVersion = 10.0.40219.1
Project("{FAE04EC0-301F-11D3-BF4B-00C04F79EFBC}") = "CMPG315MessagingAppProject", "CMPG315MessagingAppProject\CMPG315MessagingAppProject.csproj", "{58BF2EDC-6289-4C3F-A3D7-1A4C7CF5E428}"
EndProject
Global
	GlobalSection(SolutionConfigurationPlatforms) = preSolution
		Debug|Any CPU = Debug|Any CPU
		Release|Any CPU = Release|Any CPU
	EndGlobalSection
	GlobalSection(ProjectConfigurationPlatforms) = postSolution
		{58BF2EDC-6289-4C3F-A3D7-1A4C7CF5E428}.Debug|Any CPU.ActiveCfg = Debug|Any CPU
		{58BF2EDC-6289-4C3F-A3D7-1A4C7CF5E428}.Debug|Any CPU.Build.0 = Debug|Any CPU
		{58BF2EDC-6289-4C3F-A3D7-1A4C7CF5E428}.Release|Any CPU.ActiveCfg = Release|Any CPU
		{58BF2EDC-6289-4C3F-A3D7-1A4C7CF5E428}.Release|Any CPU.Build.0 = Release|Any CPU
	EndGlobalSection
	GlobalSection(SolutionProperties) = preSolution
		HideSolutionNode = FALSE
	EndGlobalSection
	GlobalSection(ExtensibilityGlobals) = postSolution
		SolutionGuid = {9DB139AF-0598-44B6-A691-2551C4AB2A2E}
	EndGlobalSection
EndGlobal
